
Microsoft Visual Studio Solution File, Format Version 12.00
# Visual Studio 15
VisualStudioVersion = 15.0.28307.329
MinimumVisualStudioVersion = 10.0.40219.1
Project("{FAE04EC0-301F-11D3-BF4B-00C04F79EFBC}") = "loginetJSON", "loginetJSON\loginetJSON.csproj", "{597099F0-35FE-4803-BA67-863ECA861B4E}"
EndProject
Global
	GlobalSection(SolutionConfigurationPlatforms) = preSolution
		Debug|Any CPU = Debug|Any CPU
		Release|Any CPU = Release|Any CPU
	EndGlobalSection
	GlobalSection(ProjectConfigurationPlatforms) = postSolution
		{597099F0-35FE-4803-BA67-863ECA861B4E}.Debug|Any CPU.ActiveCfg = Debug|Any CPU
		{597099F0-35FE-4803-BA67-863ECA861B4E}.Debug|Any CPU.Build.0 = Debug|Any CPU
		{597099F0-35FE-4803-BA67-863ECA861B4E}.Release|Any CPU.ActiveCfg = Release|Any CPU
		{597099F0-35FE-4803-BA67-863ECA861B4E}.Release|Any CPU.Build.0 = Release|Any CPU
	EndGlobalSection
	GlobalSection(SolutionProperties) = preSolution
		HideSolutionNode = FALSE
	EndGlobalSection
	GlobalSection(ExtensibilityGlobals) = postSolution
		SolutionGuid = {9C749D9B-4A58-4CB1-A410-0DA6E995BBE6}
	EndGlobalSection
EndGlobal
